
Microsoft Visual Studio Solution File, Format Version 12.00
# Visual Studio Version 17
VisualStudioVersion = 17.14.36511.14 d17.14
MinimumVisualStudioVersion = 10.0.40219.1
Project("{FAE04EC0-301F-11D3-BF4B-00C04F79EFBC}") = "TESTKJMT", "TESTKJMT\TESTKJMT.csproj", "{229070E6-7105-4036-AEAF-4DD852F09D4A}"
EndProject
Project("{FAE04EC0-301F-11D3-BF4B-00C04F79EFBC}") = "KJMT .Temperatura.UnitTestMSTest", "KJMT .Temperatura.UnitTestMSTest\KJMT .Temperatura.UnitTestMSTest.csproj", "{DC8990F3-0B5F-453F-ACAD-918B86A157DA}"
EndProject
Project("{FAE04EC0-301F-11D3-BF4B-00C04F79EFBC}") = "KJMT.Manipulaciones", "KJMT.Manipulaciones\KJMT.Manipulaciones.csproj", "{5135DEAA-3370-4B6D-A612-6EB52F32F204}"
EndProject
Project("{FAE04EC0-301F-11D3-BF4B-00C04F79EFBC}") = "KJMT.Manipulaciones.UnitTest.xUnit", "KJMT.Manipulaciones.UnitTest.xUnit\KJMT.Manipulaciones.UnitTest.xUnit.csproj", "{08CB713A-FF86-40F1-BDD6-4066A1CCFD60}"
EndProject
Global
	GlobalSection(SolutionConfigurationPlatforms) = preSolution
		Debug|Any CPU = Debug|Any CPU
		Release|Any CPU = Release|Any CPU
	EndGlobalSection
	GlobalSection(ProjectConfigurationPlatforms) = postSolution
		{229070E6-7105-4036-AEAF-4DD852F09D4A}.Debug|Any CPU.ActiveCfg = Debug|Any CPU
		{229070E6-7105-4036-AEAF-4DD852F09D4A}.Debug|Any CPU.Build.0 = Debug|Any CPU
		{229070E6-7105-4036-AEAF-4DD852F09D4A}.Release|Any CPU.ActiveCfg = Release|Any CPU
		{229070E6-7105-4036-AEAF-4DD852F09D4A}.Release|Any CPU.Build.0 = Release|Any CPU
		{DC8990F3-0B5F-453F-ACAD-918B86A157DA}.Debug|Any CPU.ActiveCfg = Debug|Any CPU
		{DC8990F3-0B5F-453F-ACAD-918B86A157DA}.Debug|Any CPU.Build.0 = Debug|Any CPU
		{DC8990F3-0B5F-453F-ACAD-918B86A157DA}.Release|Any CPU.ActiveCfg = Release|Any CPU
		{DC8990F3-0B5F-453F-ACAD-918B86A157DA}.Release|Any CPU.Build.0 = Release|Any CPU
		{5135DEAA-3370-4B6D-A612-6EB52F32F204}.Debug|Any CPU.ActiveCfg = Debug|Any CPU
		{5135DEAA-3370-4B6D-A612-6EB52F32F204}.Debug|Any CPU.Build.0 = Debug|Any CPU
		{5135DEAA-3370-4B6D-A612-6EB52F32F204}.Release|Any CPU.ActiveCfg = Release|Any CPU
		{5135DEAA-3370-4B6D-A612-6EB52F32F204}.Release|Any CPU.Build.0 = Release|Any CPU
		{08CB713A-FF86-40F1-BDD6-4066A1CCFD60}.Debug|Any CPU.ActiveCfg = Debug|Any CPU
		{08CB713A-FF86-40F1-BDD6-4066A1CCFD60}.Debug|Any CPU.Build.0 = Debug|Any CPU
		{08CB713A-FF86-40F1-BDD6-4066A1CCFD60}.Release|Any CPU.ActiveCfg = Release|Any CPU
		{08CB713A-FF86-40F1-BDD6-4066A1CCFD60}.Release|Any CPU.Build.0 = Release|Any CPU
	EndGlobalSection
	GlobalSection(SolutionProperties) = preSolution
		HideSolutionNode = FALSE
	EndGlobalSection
	GlobalSection(ExtensibilityGlobals) = postSolution
		SolutionGuid = {7DA03F4E-9923-463E-8928-182F4E60B1C4}
	EndGlobalSection
EndGlobal
